
Microsoft Visual Studio Solution File, Format Version 12.00
Project("{FAE04EC0-301F-11D3-BF4B-00C04F79EFBC}") = "LocalizationSharp", "LocalizationSharp\LocalizationSharp.csproj", "{178B1F59-5AFD-453E-8C2B-EA1B58D85131}"
EndProject
Project("{FAE04EC0-301F-11D3-BF4B-00C04F79EFBC}") = "LocalizationSharp.Tests", "LocalizationSharp.Tests\LocalizationSharp.Tests.csproj", "{468DF9F3-7C90-472A-B47F-3300F266855E}"
EndProject
Global
	GlobalSection(SolutionConfigurationPlatforms) = preSolution
		Debug|Any CPU = Debug|Any CPU
		Release|Any CPU = Release|Any CPU
	EndGlobalSection
	GlobalSection(ProjectConfigurationPlatforms) = postSolution
		{178B1F59-5AFD-453E-8C2B-EA1B58D85131}.Debug|Any CPU.ActiveCfg = Debug|Any CPU
		{178B1F59-5AFD-453E-8C2B-EA1B58D85131}.Debug|Any CPU.Build.0 = Debug|Any CPU
		{178B1F59-5AFD-453E-8C2B-EA1B58D85131}.Release|Any CPU.ActiveCfg = Release|Any CPU
		{178B1F59-5AFD-453E-8C2B-EA1B58D85131}.Release|Any CPU.Build.0 = Release|Any CPU
		{468DF9F3-7C90-472A-B47F-3300F266855E}.Debug|Any CPU.ActiveCfg = Debug|Any CPU
		{468DF9F3-7C90-472A-B47F-3300F266855E}.Debug|Any CPU.Build.0 = Debug|Any CPU
		{468DF9F3-7C90-472A-B47F-3300F266855E}.Release|Any CPU.ActiveCfg = Release|Any CPU
		{468DF9F3-7C90-472A-B47F-3300F266855E}.Release|Any CPU.Build.0 = Release|Any CPU
	EndGlobalSection
EndGlobal
